
Microsoft Visual Studio Solution File, Format Version 12.00
# Visual Studio Version 17
VisualStudioVersion = 17.14.36414.22
MinimumVisualStudioVersion = 10.0.40219.1
Project("{FAE04EC0-301F-11D3-BF4B-00C04F79EFBC}") = "VendasApp", "VendasApp.csproj", "{73678A47-DE0A-4549-9880-689A76F311E1}"
	ProjectSection(ProjectDependencies) = postProject
		{8AAD4E9C-AE0C-486D-BEC9-F337367AF302} = {8AAD4E9C-AE0C-486D-BEC9-F337367AF302}
	EndProjectSection
EndProject
Project("{2150E333-8FDC-42A3-9474-1A3956D46DE8}") = "Models", "Models", "{AE5B0A90-8C24-4FCD-8384-9D8D0AECBE57}"
EndProject
Project("{2150E333-8FDC-42A3-9474-1A3956D46DE8}") = "Data", "Data", "{6E421A23-4276-44D9-82E8-113FB3D75137}"
EndProject
Project("{2150E333-8FDC-42A3-9474-1A3956D46DE8}") = "Repository", "Repository", "{1C5E92EA-37D3-4CB3-BB2C-B477C288426D}"
EndProject
Project("{2150E333-8FDC-42A3-9474-1A3956D46DE8}") = "Views", "Views", "{02EA681E-C7D8-13C7-8484-4AC65E1B71E8}"
EndProject
Project("{FAE04EC0-301F-11D3-BF4B-00C04F79EFBC}") = "VendasApp.Data", "VendasApp.Data\VendasApp.Data.csproj", "{C46A7099-5D81-4EAB-8AA5-56FA9D30CE9C}"
EndProject
Project("{FAE04EC0-301F-11D3-BF4B-00C04F79EFBC}") = "VendasApp.Models", "VendasApp.Models\VendasApp.Models.csproj", "{8AAD4E9C-AE0C-486D-BEC9-F337367AF302}"
EndProject
Project("{FAE04EC0-301F-11D3-BF4B-00C04F79EFBC}") = "VendasApp.Repository", "VendasApp.Repository\VendasApp.Repository.csproj", "{8D11C5B8-E923-40D1-A65C-48FFBD6DD4A3}"
EndProject
Global
	GlobalSection(SolutionConfigurationPlatforms) = preSolution
		Debug|Any CPU = Debug|Any CPU
		Release|Any CPU = Release|Any CPU
	EndGlobalSection
	GlobalSection(ProjectConfigurationPlatforms) = postSolution
		{73678A47-DE0A-4549-9880-689A76F311E1}.Debug|Any CPU.ActiveCfg = Debug|Any CPU
		{73678A47-DE0A-4549-9880-689A76F311E1}.Debug|Any CPU.Build.0 = Debug|Any CPU
		{73678A47-DE0A-4549-9880-689A76F311E1}.Release|Any CPU.ActiveCfg = Release|Any CPU
		{73678A47-DE0A-4549-9880-689A76F311E1}.Release|Any CPU.Build.0 = Release|Any CPU
		{C46A7099-5D81-4EAB-8AA5-56FA9D30CE9C}.Debug|Any CPU.ActiveCfg = Debug|Any CPU
		{C46A7099-5D81-4EAB-8AA5-56FA9D30CE9C}.Debug|Any CPU.Build.0 = Debug|Any CPU
		{C46A7099-5D81-4EAB-8AA5-56FA9D30CE9C}.Release|Any CPU.ActiveCfg = Release|Any CPU
		{C46A7099-5D81-4EAB-8AA5-56FA9D30CE9C}.Release|Any CPU.Build.0 = Release|Any CPU
		{8AAD4E9C-AE0C-486D-BEC9-F337367AF302}.Debug|Any CPU.ActiveCfg = Debug|Any CPU
		{8AAD4E9C-AE0C-486D-BEC9-F337367AF302}.Debug|Any CPU.Build.0 = Debug|Any CPU
		{8AAD4E9C-AE0C-486D-BEC9-F337367AF302}.Release|Any CPU.ActiveCfg = Release|Any CPU
		{8AAD4E9C-AE0C-486D-BEC9-F337367AF302}.Release|Any CPU.Build.0 = Release|Any CPU
		{8D11C5B8-E923-40D1-A65C-48FFBD6DD4A3}.Debug|Any CPU.ActiveCfg = Debug|Any CPU
		{8D11C5B8-E923-40D1-A65C-48FFBD6DD4A3}.Debug|Any CPU.Build.0 = Debug|Any CPU
		{8D11C5B8-E923-40D1-A65C-48FFBD6DD4A3}.Release|Any CPU.ActiveCfg = Release|Any CPU
		{8D11C5B8-E923-40D1-A65C-48FFBD6DD4A3}.Release|Any CPU.Build.0 = Release|Any CPU
	EndGlobalSection
	GlobalSection(SolutionProperties) = preSolution
		HideSolutionNode = FALSE
	EndGlobalSection
	GlobalSection(NestedProjects) = preSolution
		{73678A47-DE0A-4549-9880-689A76F311E1} = {02EA681E-C7D8-13C7-8484-4AC65E1B71E8}
		{C46A7099-5D81-4EAB-8AA5-56FA9D30CE9C} = {6E421A23-4276-44D9-82E8-113FB3D75137}
		{8AAD4E9C-AE0C-486D-BEC9-F337367AF302} = {AE5B0A90-8C24-4FCD-8384-9D8D0AECBE57}
		{8D11C5B8-E923-40D1-A65C-48FFBD6DD4A3} = {1C5E92EA-37D3-4CB3-BB2C-B477C288426D}
	EndGlobalSection
	GlobalSection(ExtensibilityGlobals) = postSolution
		SolutionGuid = {D3629AE8-B5C0-4919-B49A-1EA00D189DFF}
	EndGlobalSection
EndGlobal
