
Microsoft Visual Studio Solution File, Format Version 12.00
# Visual Studio Version 17
VisualStudioVersion = 17.14.36414.22
MinimumVisualStudioVersion = 10.0.40219.1
Project("{FAE04EC0-301F-11D3-BF4B-00C04F79EFBC}") = "VendasApp", "VendasApp.csproj", "{73678A47-DE0A-4549-9880-689A76F311E1}"
EndProject
Project("{2150E333-8FDC-42A3-9474-1A3956D46DE8}") = "Models", "Models", "{AE5B0A90-8C24-4FCD-8384-9D8D0AECBE57}"
EndProject
Project("{2150E333-8FDC-42A3-9474-1A3956D46DE8}") = "Data", "Data", "{6E421A23-4276-44D9-82E8-113FB3D75137}"
EndProject
Project("{2150E333-8FDC-42A3-9474-1A3956D46DE8}") = "repository", "repository", "{1C5E92EA-37D3-4CB3-BB2C-B477C288426D}"
EndProject
Global
	GlobalSection(SolutionConfigurationPlatforms) = preSolution
		Debug|Any CPU = Debug|Any CPU
		Release|Any CPU = Release|Any CPU
	EndGlobalSection
	GlobalSection(ProjectConfigurationPlatforms) = postSolution
		{73678A47-DE0A-4549-9880-689A76F311E1}.Debug|Any CPU.ActiveCfg = Debug|Any CPU
		{73678A47-DE0A-4549-9880-689A76F311E1}.Debug|Any CPU.Build.0 = Debug|Any CPU
		{73678A47-DE0A-4549-9880-689A76F311E1}.Release|Any CPU.ActiveCfg = Release|Any CPU
		{73678A47-DE0A-4549-9880-689A76F311E1}.Release|Any CPU.Build.0 = Release|Any CPU
	EndGlobalSection
	GlobalSection(SolutionProperties) = preSolution
		HideSolutionNode = FALSE
	EndGlobalSection
	GlobalSection(ExtensibilityGlobals) = postSolution
		SolutionGuid = {D3629AE8-B5C0-4919-B49A-1EA00D189DFF}
	EndGlobalSection
EndGlobal
